// !$*UTF8*$!
{
	archiveVersion = 1;
	classes = {
	};
	objectVersion = 46;
	objects = {

/* Begin PBXBuildFile section */
		043985351FBB0896004264AB /* ARViewController.swift in Sources */ = {isa = PBXBuildFile; fileRef = 043985341FBB0896004264AB /* ARViewController.swift */; };
		047D1D731FBC897D0008A826 /* cat01.png in Resources */ = {isa = PBXBuildFile; fileRef = 047D1D721FBC897C0008A826 /* cat01.png */; };
		04C26B1E1F4737FF00BA6527 /* Place.swift in Sources */ = {isa = PBXBuildFile; fileRef = 04C26B1C1F4736DA00BA6527 /* Place.swift */; };
		04C26B1F1F47395800BA6527 /* categories.json in Resources */ = {isa = PBXBuildFile; fileRef = 04C26B1D1F4736E400BA6527 /* categories.json */; };
		04EA94921EA9D23300DABF7E /* AppDelegate.swift in Sources */ = {isa = PBXBuildFile; fileRef = 04EA94911EA9D23300DABF7E /* AppDelegate.swift */; };
		04EA94941EA9D23300DABF7E /* ViewController.swift in Sources */ = {isa = PBXBuildFile; fileRef = 04EA94931EA9D23300DABF7E /* ViewController.swift */; };
		04EA94971EA9D23300DABF7E /* Main.storyboard in Resources */ = {isa = PBXBuildFile; fileRef = 04EA94951EA9D23300DABF7E /* Main.storyboard */; };
		04EA94991EA9D23300DABF7E /* Assets.xcassets in Resources */ = {isa = PBXBuildFile; fileRef = 04EA94981EA9D23300DABF7E /* Assets.xcassets */; };
		04EA949C1EA9D23300DABF7E /* LaunchScreen.storyboard in Resources */ = {isa = PBXBuildFile; fileRef = 04EA949A1EA9D23300DABF7E /* LaunchScreen.storyboard */; };
		04EA94A51EA9D25600DABF7E /* MapKit.framework in Frameworks */ = {isa = PBXBuildFile; fileRef = 04EA94A41EA9D25600DABF7E /* MapKit.framework */; };
		9886BF288AA227A4968F2AF7 /* Pods_MapSample.framework in Frameworks */ = {isa = PBXBuildFile; fileRef = 61AC3E0E0950B3AF71F91A09 /* Pods_MapSample.framework */; };
/* End PBXBuildFile section */

/* Begin PBXFileReference section */
		01DAD397F6CBD4F825798869 /* Pods-MapSample.release.xcconfig */ = {isa = PBXFileReference; includeInIndex = 1; lastKnownFileType = text.xcconfig; name = "Pods-MapSample.release.xcconfig"; path = "Pods/Target Support Files/Pods-MapSample/Pods-MapSample.release.xcconfig"; sourceTree = "<group>"; };
		043985341FBB0896004264AB /* ARViewController.swift */ = {isa = PBXFileReference; lastKnownFileType = sourcecode.swift; path = ARViewController.swift; sourceTree = "<group>"; };
		047D1D721FBC897C0008A826 /* cat01.png */ = {isa = PBXFileReference; lastKnownFileType = image.png; path = cat01.png; sourceTree = "<group>"; };
		04C26B1C1F4736DA00BA6527 /* Place.swift */ = {isa = PBXFileReference; lastKnownFileType = sourcecode.swift; path = Place.swift; sourceTree = "<group>"; };
		04C26B1D1F4736E400BA6527 /* categories.json */ = {isa = PBXFileReference; lastKnownFileType = text.json; path = categories.json; sourceTree = "<group>"; };
		04EA948E1EA9D23300DABF7E /* MapSample.app */ = {isa = PBXFileReference; explicitFileType = wrapper.application; includeInIndex = 0; path = MapSample.app; sourceTree = BUILT_PRODUCTS_DIR; };
		04EA94911EA9D23300DABF7E /* AppDelegate.swift */ = {isa = PBXFileReference; lastKnownFileType = sourcecode.swift; path = AppDelegate.swift; sourceTree = "<group>"; };
		04EA94931EA9D23300DABF7E /* ViewController.swift */ = {isa = PBXFileReference; lastKnownFileType = sourcecode.swift; path = ViewController.swift; sourceTree = "<group>"; };
		04EA94961EA9D23300DABF7E /* Base */ = {isa = PBXFileReference; lastKnownFileType = file.storyboard; name = Base; path = Base.lproj/Main.storyboard; sourceTree = "<group>"; };
		04EA94981EA9D23300DABF7E /* Assets.xcassets */ = {isa = PBXFileReference; lastKnownFileType = folder.assetcatalog; path = Assets.xcassets; sourceTree = "<group>"; };
		04EA949B1EA9D23300DABF7E /* Base */ = {isa = PBXFileReference; lastKnownFileType = file.storyboard; name = Base; path = Base.lproj/LaunchScreen.storyboard; sourceTree = "<group>"; };
		04EA949D1EA9D23300DABF7E /* Info.plist */ = {isa = PBXFileReference; lastKnownFileType = text.plist.xml; path = Info.plist; sourceTree = "<group>"; };
		04EA94A41EA9D25600DABF7E /* MapKit.framework */ = {isa = PBXFileReference; lastKnownFileType = wrapper.framework; name = MapKit.framework; path = System/Library/Frameworks/MapKit.framework; sourceTree = SDKROOT; };
		61AC3E0E0950B3AF71F91A09 /* Pods_MapSample.framework */ = {isa = PBXFileReference; explicitFileType = wrapper.framework; includeInIndex = 0; path = Pods_MapSample.framework; sourceTree = BUILT_PRODUCTS_DIR; };
		6359633C1941326BC349102A /* Pods-MapSample.debug.xcconfig */ = {isa = PBXFileReference; includeInIndex = 1; lastKnownFileType = text.xcconfig; name = "Pods-MapSample.debug.xcconfig"; path = "Pods/Target Support Files/Pods-MapSample/Pods-MapSample.debug.xcconfig"; sourceTree = "<group>"; };
/* End PBXFileReference section */

/* Begin PBXFrameworksBuildPhase section */
		04EA948B1EA9D23300DABF7E /* Frameworks */ = {
			isa = PBXFrameworksBuildPhase;
			buildActionMask = 2147483647;
			files = (
				04EA94A51EA9D25600DABF7E /* MapKit.framework in Frameworks */,
				9886BF288AA227A4968F2AF7 /* Pods_MapSample.framework in Frameworks */,
			);
			runOnlyForDeploymentPostprocessing = 0;
		};
/* End PBXFrameworksBuildPhase section */

/* Begin PBXGroup section */
		04C26B1A1F47368500BA6527 /* Model */ = {
			isa = PBXGroup;
			children = (
				04C26B1C1F4736DA00BA6527 /* Place.swift */,
			);
			path = Model;
			sourceTree = "<group>";
		};
		04C26B1B1F47368B00BA6527 /* Resources */ = {
			isa = PBXGroup;
			children = (
				04C26B1D1F4736E400BA6527 /* categories.json */,
			);
			path = Resources;
			sourceTree = "<group>";
		};
		04E017381F10CEA7002DD521 /* AppIcon */ = {
			isa = PBXGroup;
			children = (
				047D1D721FBC897C0008A826 /* cat01.png */,
			);
			path = AppIcon;
			sourceTree = "<group>";
		};
		04EA94851EA9D23300DABF7E = {
			isa = PBXGroup;
			children = (
				04EA94901EA9D23300DABF7E /* MapSample */,
				04EA948F1EA9D23300DABF7E /* Products */,
				04EA94A31EA9D25600DABF7E /* Frameworks */,
				3185C3BC71F7ADAE87132A92 /* Pods */,
			);
			sourceTree = "<group>";
		};
		04EA948F1EA9D23300DABF7E /* Products */ = {
			isa = PBXGroup;
			children = (
				04EA948E1EA9D23300DABF7E /* MapSample.app */,
			);
			name = Products;
			sourceTree = "<group>";
		};
		04EA94901EA9D23300DABF7E /* MapSample */ = {
			isa = PBXGroup;
			children = (
				04C26B1B1F47368B00BA6527 /* Resources */,
				04C26B1A1F47368500BA6527 /* Model */,
				04E017381F10CEA7002DD521 /* AppIcon */,
				04EA94911EA9D23300DABF7E /* AppDelegate.swift */,
				043985341FBB0896004264AB /* ARViewController.swift */,
				04EA94931EA9D23300DABF7E /* ViewController.swift */,
				04EA94951EA9D23300DABF7E /* Main.storyboard */,
				04EA94981EA9D23300DABF7E /* Assets.xcassets */,
				04EA949A1EA9D23300DABF7E /* LaunchScreen.storyboard */,
				04EA949D1EA9D23300DABF7E /* Info.plist */,
			);
			path = MapSample;
			sourceTree = "<group>";
		};
		04EA94A31EA9D25600DABF7E /* Frameworks */ = {
			isa = PBXGroup;
			children = (
				04EA94A41EA9D25600DABF7E /* MapKit.framework */,
				61AC3E0E0950B3AF71F91A09 /* Pods_MapSample.framework */,
			);
			name = Frameworks;
			sourceTree = "<group>";
		};
		3185C3BC71F7ADAE87132A92 /* Pods */ = {
			isa = PBXGroup;
			children = (
				6359633C1941326BC349102A /* Pods-MapSample.debug.xcconfig */,
				01DAD397F6CBD4F825798869 /* Pods-MapSample.release.xcconfig */,
			);
			name = Pods;
			sourceTree = "<group>";
		};
/* End PBXGroup section */

/* Begin PBXNativeTarget section */
		04EA948D1EA9D23300DABF7E /* MapSample */ = {
			isa = PBXNativeTarget;
			buildConfigurationList = 04EA94A01EA9D23300DABF7E /* Build configuration list for PBXNativeTarget "MapSample" */;
			buildPhases = (
				A5AD18FC78874B7010F78081 /* [CP] Check Pods Manifest.lock */,
				04EA948A1EA9D23300DABF7E /* Sources */,
				04EA948B1EA9D23300DABF7E /* Frameworks */,
				04EA948C1EA9D23300DABF7E /* Resources */,
				F2839B9D8EFFEF61522E877F /* [CP] Embed Pods Frameworks */,
			);
			buildRules = (
			);
			dependencies = (
			);
			name = MapSample;
			productName = MapSample;
			productReference = 04EA948E1EA9D23300DABF7E /* MapSample.app */;
			productType = "com.apple.product-type.application";
		};
/* End PBXNativeTarget section */

/* Begin PBXProject section */
		04EA94861EA9D23300DABF7E /* Project object */ = {
			isa = PBXProject;
			attributes = {
				LastSwiftUpdateCheck = 0830;
				LastUpgradeCheck = 0830;
				ORGANIZATIONNAME = StudioKJ;
				TargetAttributes = {
					04EA948D1EA9D23300DABF7E = {
						CreatedOnToolsVersion = 8.3.1;
						DevelopmentTeam = H3B8S2T4E6;
						LastSwiftMigration = 0900;
						ProvisioningStyle = Automatic;
					};
				};
			};
			buildConfigurationList = 04EA94891EA9D23300DABF7E /* Build configuration list for PBXProject "MapSample" */;
			compatibilityVersion = "Xcode 3.2";
			developmentRegion = English;
			hasScannedForEncodings = 0;
			knownRegions = (
				en,
				Base,
			);
			mainGroup = 04EA94851EA9D23300DABF7E;
			productRefGroup = 04EA948F1EA9D23300DABF7E /* Products */;
			projectDirPath = "";
			projectRoot = "";
			targets = (
				04EA948D1EA9D23300DABF7E /* MapSample */,
			);
		};
/* End PBXProject section */

/* Begin PBXResourcesBuildPhase section */
		04EA948C1EA9D23300DABF7E /* Resources */ = {
			isa = PBXResourcesBuildPhase;
			buildActionMask = 2147483647;
			files = (
				04C26B1F1F47395800BA6527 /* categories.json in Resources */,
				04EA949C1EA9D23300DABF7E /* LaunchScreen.storyboard in Resources */,
				04EA94991EA9D23300DABF7E /* Assets.xcassets in Resources */,
				047D1D731FBC897D0008A826 /* cat01.png in Resources */,
				04EA94971EA9D23300DABF7E /* Main.storyboard in Resources */,
			);
			runOnlyForDeploymentPostprocessing = 0;
		};
/* End PBXResourcesBuildPhase section */

/* Begin PBXShellScriptBuildPhase section */
		A5AD18FC78874B7010F78081 /* [CP] Check Pods Manifest.lock */ = {
			isa = PBXShellScriptBuildPhase;
			buildActionMask = 2147483647;
			files = (
			);
			inputPaths = (
				"${PODS_PODFILE_DIR_PATH}/Podfile.lock",
				"${PODS_ROOT}/Manifest.lock",
			);
			name = "[CP] Check Pods Manifest.lock";
			outputPaths = (
				"$(DERIVED_FILE_DIR)/Pods-MapSample-checkManifestLockResult.txt",
			);
			runOnlyForDeploymentPostprocessing = 0;
			shellPath = /bin/sh;
			shellScript = "diff \"${PODS_PODFILE_DIR_PATH}/Podfile.lock\" \"${PODS_ROOT}/Manifest.lock\" > /dev/null\nif [ $? != 0 ] ; then\n    # print error to STDERR\n    echo \"error: The sandbox is not in sync with the Podfile.lock. Run 'pod install' or update your CocoaPods installation.\" >&2\n    exit 1\nfi\n# This output is used by Xcode 'outputs' to avoid re-running this script phase.\necho \"SUCCESS\" > \"${SCRIPT_OUTPUT_FILE_0}\"\n";
			showEnvVarsInLog = 0;
		};
		F2839B9D8EFFEF61522E877F /* [CP] Embed Pods Frameworks */ = {
			isa = PBXShellScriptBuildPhase;
			buildActionMask = 2147483647;
			files = (
			);
			inputPaths = (
				"${SRCROOT}/Pods/Target Support Files/Pods-MapSample/Pods-MapSample-frameworks.sh",
				"${BUILT_PRODUCTS_DIR}/ARCL/ARCL.framework",
				"${BUILT_PRODUCTS_DIR}/CocoaLumberjack/CocoaLumberjack.framework",
			);
			name = "[CP] Embed Pods Frameworks";
			outputPaths = (
				"${TARGET_BUILD_DIR}/${FRAMEWORKS_FOLDER_PATH}/ARCL.framework",
				"${TARGET_BUILD_DIR}/${FRAMEWORKS_FOLDER_PATH}/CocoaLumberjack.framework",
			);
			runOnlyForDeploymentPostprocessing = 0;
			shellPath = /bin/sh;
			shellScript = "\"${SRCROOT}/Pods/Target Support Files/Pods-MapSample/Pods-MapSample-frameworks.sh\"\n";
			showEnvVarsInLog = 0;
		};
/* End PBXShellScriptBuildPhase section */

/* Begin PBXSourcesBuildPhase section */
		04EA948A1EA9D23300DABF7E /* Sources */ = {
			isa = PBXSourcesBuildPhase;
			buildActionMask = 2147483647;
			files = (
				04C26B1E1F4737FF00BA6527 /* Place.swift in Sources */,
				04EA94941EA9D23300DABF7E /* ViewController.swift in Sources */,
				04EA94921EA9D23300DABF7E /* AppDelegate.swift in Sources */,
				043985351FBB0896004264AB /* ARViewController.swift in Sources */,
			);
			runOnlyForDeploymentPostprocessing = 0;
		};
/* End PBXSourcesBuildPhase section */

/* Begin PBXVariantGroup section */
		04EA94951EA9D23300DABF7E /* Main.storyboard */ = {
			isa = PBXVariantGroup;
			children = (
				04EA94961EA9D23300DABF7E /* Base */,
			);
			name = Main.storyboard;
			sourceTree = "<group>";
		};
		04EA949A1EA9D23300DABF7E /* LaunchScreen.storyboard */ = {
			isa = PBXVariantGroup;
			children = (
				04EA949B1EA9D23300DABF7E /* Base */,
			);
			name = LaunchScreen.storyboard;
			sourceTree = "<group>";
		};
/* End PBXVariantGroup section */

/* Begin XCBuildConfiguration section */
		04EA949E1EA9D23300DABF7E /* Debug */ = {
			isa = XCBuildConfiguration;
			buildSettings = {
				ALWAYS_SEARCH_USER_PATHS = NO;
				CLANG_ANALYZER_NONNULL = YES;
				CLANG_ANALYZER_NUMBER_OBJECT_CONVERSION = YES_AGGRESSIVE;
				CLANG_CXX_LANGUAGE_STANDARD = "gnu++0x";
				CLANG_CXX_LIBRARY = "libc++";
				CLANG_ENABLE_MODULES = YES;
				CLANG_ENABLE_OBJC_ARC = YES;
				CLANG_WARN_BOOL_CONVERSION = YES;
				CLANG_WARN_CONSTANT_CONVERSION = YES;
				CLANG_WARN_DIRECT_OBJC_ISA_USAGE = YES_ERROR;
				CLANG_WARN_DOCUMENTATION_COMMENTS = YES;
				CLANG_WARN_EMPTY_BODY = YES;
				CLANG_WARN_ENUM_CONVERSION = YES;
				CLANG_WARN_INFINITE_RECURSION = YES;
				CLANG_WARN_INT_CONVERSION = YES;
				CLANG_WARN_OBJC_ROOT_CLASS = YES_ERROR;
				CLANG_WARN_SUSPICIOUS_MOVE = YES;
				CLANG_WARN_UNREACHABLE_CODE = YES;
				CLANG_WARN__DUPLICATE_METHOD_MATCH = YES;
				"CODE_SIGN_IDENTITY[sdk=iphoneos*]" = "iPhone Developer";
				COPY_PHASE_STRIP = NO;
				DEBUG_INFORMATION_FORMAT = dwarf;
				ENABLE_STRICT_OBJC_MSGSEND = YES;
				ENABLE_TESTABILITY = YES;
				GCC_C_LANGUAGE_STANDARD = gnu99;
				GCC_DYNAMIC_NO_PIC = NO;
				GCC_NO_COMMON_BLOCKS = YES;
				GCC_OPTIMIZATION_LEVEL = 0;
				GCC_PREPROCESSOR_DEFINITIONS = (
					"DEBUG=1",
					"$(inherited)",
				);
				GCC_WARN_64_TO_32_BIT_CONVERSION = YES;
				GCC_WARN_ABOUT_RETURN_TYPE = YES_ERROR;
				GCC_WARN_UNDECLARED_SELECTOR = YES;
				GCC_WARN_UNINITIALIZED_AUTOS = YES_AGGRESSIVE;
				GCC_WARN_UNUSED_FUNCTION = YES;
				GCC_WARN_UNUSED_VARIABLE = YES;
				IPHONEOS_DEPLOYMENT_TARGET = 11.0;
				MTL_ENABLE_DEBUG_INFO = YES;
				ONLY_ACTIVE_ARCH = YES;
				SDKROOT = iphoneos;
				SWIFT_ACTIVE_COMPILATION_CONDITIONS = DEBUG;
				SWIFT_OPTIMIZATION_LEVEL = "-Onone";
				TARGETED_DEVICE_FAMILY = "1,2";
			};
			name = Debug;
		};
		04EA949F1EA9D23300DABF7E /* Release */ = {
			isa = XCBuildConfiguration;
			buildSettings = {
				ALWAYS_SEARCH_USER_PATHS = NO;
				CLANG_ANALYZER_NONNULL = YES;
				CLANG_ANALYZER_NUMBER_OBJECT_CONVERSION = YES_AGGRESSIVE;
				CLANG_CXX_LANGUAGE_STANDARD = "gnu++0x";
				CLANG_CXX_LIBRARY = "libc++";
				CLANG_ENABLE_MODULES = YES;
				CLANG_ENABLE_OBJC_ARC = YES;
				CLANG_WARN_BOOL_CONVERSION = YES;
				CLANG_WARN_CONSTANT_CONVERSION = YES;
				CLANG_WARN_DIRECT_OBJC_ISA_USAGE = YES_ERROR;
				CLANG_WARN_DOCUMENTATION_COMMENTS = YES;
				CLANG_WARN_EMPTY_BODY = YES;
				CLANG_WARN_ENUM_CONVERSION = YES;
				CLANG_WARN_INFINITE_RECURSION = YES;
				CLANG_WARN_INT_CONVERSION = YES;
				CLANG_WARN_OBJC_ROOT_CLASS = YES_ERROR;
				CLANG_WARN_SUSPICIOUS_MOVE = YES;
				CLANG_WARN_UNREACHABLE_CODE = YES;
				CLANG_WARN__DUPLICATE_METHOD_MATCH = YES;
				"CODE_SIGN_IDENTITY[sdk=iphoneos*]" = "iPhone Developer";
				COPY_PHASE_STRIP = NO;
				DEBUG_INFORMATION_FORMAT = "dwarf-with-dsym";
				ENABLE_NS_ASSERTIONS = NO;
				ENABLE_STRICT_OBJC_MSGSEND = YES;
				GCC_C_LANGUAGE_STANDARD = gnu99;
				GCC_NO_COMMON_BLOCKS = YES;
				GCC_WARN_64_TO_32_BIT_CONVERSION = YES;
				GCC_WARN_ABOUT_RETURN_TYPE = YES_ERROR;
				GCC_WARN_UNDECLARED_SELECTOR = YES;
				GCC_WARN_UNINITIALIZED_AUTOS = YES_AGGRESSIVE;
				GCC_WARN_UNUSED_FUNCTION = YES;
				GCC_WARN_UNUSED_VARIABLE = YES;
				IPHONEOS_DEPLOYMENT_TARGET = 11.0;
				MTL_ENABLE_DEBUG_INFO = NO;
				SDKROOT = iphoneos;
				SWIFT_OPTIMIZATION_LEVEL = "-Owholemodule";
				TARGETED_DEVICE_FAMILY = "1,2";
				VALIDATE_PRODUCT = YES;
			};
			name = Release;
		};
		04EA94A11EA9D23300DABF7E /* Debug */ = {
			isa = XCBuildConfiguration;
			baseConfigurationReference = 6359633C1941326BC349102A /* Pods-MapSample.debug.xcconfig */;
			buildSettings = {
				ASSETCATALOG_COMPILER_APPICON_NAME = AppIcon;
				DEVELOPMENT_TEAM = H3B8S2T4E6;
				INFOPLIST_FILE = MapSample/Info.plist;
				IPHONEOS_DEPLOYMENT_TARGET = 11.0;
				LD_RUNPATH_SEARCH_PATHS = "$(inherited) @executable_path/Frameworks";
				PRODUCT_BUNDLE_IDENTIFIER = com.kj84.MapSample;
				PRODUCT_NAME = "$(TARGET_NAME)";
				SWIFT_SWIFT3_OBJC_INFERENCE = On;
				SWIFT_VERSION = 4.0;
			};
			name = Debug;
		};
		04EA94A21EA9D23300DABF7E /* Release */ = {
			isa = XCBuildConfiguration;
			baseConfigurationReference = 01DAD397F6CBD4F825798869 /* Pods-MapSample.release.xcconfig */;
			buildSettings = {
				ASSETCATALOG_COMPILER_APPICON_NAME = AppIcon;
				DEVELOPMENT_TEAM = H3B8S2T4E6;
				INFOPLIST_FILE = MapSample/Info.plist;
				IPHONEOS_DEPLOYMENT_TARGET = 11.0;
				LD_RUNPATH_SEARCH_PATHS = "$(inherited) @executable_path/Frameworks";
				PRODUCT_BUNDLE_IDENTIFIER = com.kj84.MapSample;
				PRODUCT_NAME = "$(TARGET_NAME)";
				SWIFT_SWIFT3_OBJC_INFERENCE = On;
				SWIFT_VERSION = 4.0;
			};
			name = Release;
		};
/* End XCBuildConfiguration section */

/* Begin XCConfigurationList section */
		04EA94891EA9D23300DABF7E /* Build configuration list for PBXProject "MapSample" */ = {
			isa = XCConfigurationList;
			buildConfigurations = (
				04EA949E1EA9D23300DABF7E /* Debug */,
				04EA949F1EA9D23300DABF7E /* Release */,
			);
			defaultConfigurationIsVisible = 0;
			defaultConfigurationName = Release;
		};
		04EA94A01EA9D23300DABF7E /* Build configuration list for PBXNativeTarget "MapSample" */ = {
			isa = XCConfigurationList;
			buildConfigurations = (
				04EA94A11EA9D23300DABF7E /* Debug */,
				04EA94A21EA9D23300DABF7E /* Release */,
			);
			defaultConfigurationIsVisible = 0;
			defaultConfigurationName = Release;
		};
/* End XCConfigurationList section */
	};
	rootObject = 04EA94861EA9D23300DABF7E /* Project object */;
}
