// !$*UTF8*$!
{
	archiveVersion = 1;
	classes = {
	};
	objectVersion = 46;
	objects = {

/* Begin PBXBuildFile section */
		93E2379D1DBB0AE1001DDCFA /* AppDelegate.swift in Sources */ = {isa = PBXBuildFile; fileRef = 93E2379C1DBB0AE1001DDCFA /* AppDelegate.swift */; };
		93E237A21DBB0AE1001DDCFA /* Main.storyboard in Resources */ = {isa = PBXBuildFile; fileRef = 93E237A01DBB0AE1001DDCFA /* Main.storyboard */; };
		93E237A41DBB0AE1001DDCFA /* Assets.xcassets in Resources */ = {isa = PBXBuildFile; fileRef = 93E237A31DBB0AE1001DDCFA /* Assets.xcassets */; };
		93E237A71DBB0AE1001DDCFA /* LaunchScreen.storyboard in Resources */ = {isa = PBXBuildFile; fileRef = 93E237A51DBB0AE1001DDCFA /* LaunchScreen.storyboard */; };
		93E237AF1DBB0B86001DDCFA /* RecipeCollectionViewController.swift in Sources */ = {isa = PBXBuildFile; fileRef = 93E237AE1DBB0B86001DDCFA /* RecipeCollectionViewController.swift */; };
		93E237B11DBB0B9B001DDCFA /* RecipeCollectionViewCell.swift in Sources */ = {isa = PBXBuildFile; fileRef = 93E237B01DBB0B9B001DDCFA /* RecipeCollectionViewCell.swift */; };
		93E237B31DBB1028001DDCFA /* PhotoViewController.swift in Sources */ = {isa = PBXBuildFile; fileRef = 93E237B21DBB1028001DDCFA /* PhotoViewController.swift */; };
/* End PBXBuildFile section */

/* Begin PBXFileReference section */
		93E237991DBB0AE1001DDCFA /* CollectionViewDemo.app */ = {isa = PBXFileReference; explicitFileType = wrapper.application; includeInIndex = 0; path = CollectionViewDemo.app; sourceTree = BUILT_PRODUCTS_DIR; };
		93E2379C1DBB0AE1001DDCFA /* AppDelegate.swift */ = {isa = PBXFileReference; lastKnownFileType = sourcecode.swift; path = AppDelegate.swift; sourceTree = "<group>"; };
		93E237A11DBB0AE1001DDCFA /* Base */ = {isa = PBXFileReference; lastKnownFileType = file.storyboard; name = Base; path = Base.lproj/Main.storyboard; sourceTree = "<group>"; };
		93E237A31DBB0AE1001DDCFA /* Assets.xcassets */ = {isa = PBXFileReference; lastKnownFileType = folder.assetcatalog; path = Assets.xcassets; sourceTree = "<group>"; };
		93E237A61DBB0AE1001DDCFA /* Base */ = {isa = PBXFileReference; lastKnownFileType = file.storyboard; name = Base; path = Base.lproj/LaunchScreen.storyboard; sourceTree = "<group>"; };
		93E237A81DBB0AE1001DDCFA /* Info.plist */ = {isa = PBXFileReference; lastKnownFileType = text.plist.xml; path = Info.plist; sourceTree = "<group>"; };
		93E237AE1DBB0B86001DDCFA /* RecipeCollectionViewController.swift */ = {isa = PBXFileReference; fileEncoding = 4; lastKnownFileType = sourcecode.swift; path = RecipeCollectionViewController.swift; sourceTree = "<group>"; };
		93E237B01DBB0B9B001DDCFA /* RecipeCollectionViewCell.swift */ = {isa = PBXFileReference; fileEncoding = 4; lastKnownFileType = sourcecode.swift; path = RecipeCollectionViewCell.swift; sourceTree = "<group>"; };
		93E237B21DBB1028001DDCFA /* PhotoViewController.swift */ = {isa = PBXFileReference; fileEncoding = 4; lastKnownFileType = sourcecode.swift; path = PhotoViewController.swift; sourceTree = "<group>"; };
/* End PBXFileReference section */

/* Begin PBXFrameworksBuildPhase section */
		93E237961DBB0AE1001DDCFA /* Frameworks */ = {
			isa = PBXFrameworksBuildPhase;
			buildActionMask = 2147483647;
			files = (
			);
			runOnlyForDeploymentPostprocessing = 0;
		};
/* End PBXFrameworksBuildPhase section */

/* Begin PBXGroup section */
		93E237901DBB0AE1001DDCFA = {
			isa = PBXGroup;
			children = (
				93E2379B1DBB0AE1001DDCFA /* CollectionViewDemo */,
				93E2379A1DBB0AE1001DDCFA /* Products */,
			);
			sourceTree = "<group>";
		};
		93E2379A1DBB0AE1001DDCFA /* Products */ = {
			isa = PBXGroup;
			children = (
				93E237991DBB0AE1001DDCFA /* CollectionViewDemo.app */,
			);
			name = Products;
			sourceTree = "<group>";
		};
		93E2379B1DBB0AE1001DDCFA /* CollectionViewDemo */ = {
			isa = PBXGroup;
			children = (
				93E2379C1DBB0AE1001DDCFA /* AppDelegate.swift */,
				93E237A01DBB0AE1001DDCFA /* Main.storyboard */,
				93E237A31DBB0AE1001DDCFA /* Assets.xcassets */,
				93E237A51DBB0AE1001DDCFA /* LaunchScreen.storyboard */,
				93E237A81DBB0AE1001DDCFA /* Info.plist */,
				93E237AE1DBB0B86001DDCFA /* RecipeCollectionViewController.swift */,
				93E237B01DBB0B9B001DDCFA /* RecipeCollectionViewCell.swift */,
				93E237B21DBB1028001DDCFA /* PhotoViewController.swift */,
			);
			path = CollectionViewDemo;
			sourceTree = "<group>";
		};
/* End PBXGroup section */

/* Begin PBXNativeTarget section */
		93E237981DBB0AE1001DDCFA /* CollectionViewDemo */ = {
			isa = PBXNativeTarget;
			buildConfigurationList = 93E237AB1DBB0AE1001DDCFA /* Build configuration list for PBXNativeTarget "CollectionViewDemo" */;
			buildPhases = (
				93E237951DBB0AE1001DDCFA /* Sources */,
				93E237961DBB0AE1001DDCFA /* Frameworks */,
				93E237971DBB0AE1001DDCFA /* Resources */,
			);
			buildRules = (
			);
			dependencies = (
			);
			name = CollectionViewDemo;
			productName = CollectionViewDemo;
			productReference = 93E237991DBB0AE1001DDCFA /* CollectionViewDemo.app */;
			productType = "com.apple.product-type.application";
		};
/* End PBXNativeTarget section */

/* Begin PBXProject section */
		93E237911DBB0AE1001DDCFA /* Project object */ = {
			isa = PBXProject;
			attributes = {
				LastSwiftUpdateCheck = 0800;
				LastUpgradeCheck = 0800;
				ORGANIZATIONNAME = mulcampus;
				TargetAttributes = {
					93E237981DBB0AE1001DDCFA = {
						CreatedOnToolsVersion = 8.0;
						ProvisioningStyle = Automatic;
					};
				};
			};
			buildConfigurationList = 93E237941DBB0AE1001DDCFA /* Build configuration list for PBXProject "CollectionViewDemo" */;
			compatibilityVersion = "Xcode 3.2";
			developmentRegion = English;
			hasScannedForEncodings = 0;
			knownRegions = (
				en,
				Base,
			);
			mainGroup = 93E237901DBB0AE1001DDCFA;
			productRefGroup = 93E2379A1DBB0AE1001DDCFA /* Products */;
			projectDirPath = "";
			projectRoot = "";
			targets = (
				93E237981DBB0AE1001DDCFA /* CollectionViewDemo */,
			);
		};
/* End PBXProject section */

/* Begin PBXResourcesBuildPhase section */
		93E237971DBB0AE1001DDCFA /* Resources */ = {
			isa = PBXResourcesBuildPhase;
			buildActionMask = 2147483647;
			files = (
				93E237A71DBB0AE1001DDCFA /* LaunchScreen.storyboard in Resources */,
				93E237A41DBB0AE1001DDCFA /* Assets.xcassets in Resources */,
				93E237A21DBB0AE1001DDCFA /* Main.storyboard in Resources */,
			);
			runOnlyForDeploymentPostprocessing = 0;
		};
/* End PBXResourcesBuildPhase section */

/* Begin PBXSourcesBuildPhase section */
		93E237951DBB0AE1001DDCFA /* Sources */ = {
			isa = PBXSourcesBuildPhase;
			buildActionMask = 2147483647;
			files = (
				93E237B11DBB0B9B001DDCFA /* RecipeCollectionViewCell.swift in Sources */,
				93E237B31DBB1028001DDCFA /* PhotoViewController.swift in Sources */,
				93E237AF1DBB0B86001DDCFA /* RecipeCollectionViewController.swift in Sources */,
				93E2379D1DBB0AE1001DDCFA /* AppDelegate.swift in Sources */,
			);
			runOnlyForDeploymentPostprocessing = 0;
		};
/* End PBXSourcesBuildPhase section */

/* Begin PBXVariantGroup section */
		93E237A01DBB0AE1001DDCFA /* Main.storyboard */ = {
			isa = PBXVariantGroup;
			children = (
				93E237A11DBB0AE1001DDCFA /* Base */,
			);
			name = Main.storyboard;
			sourceTree = "<group>";
		};
		93E237A51DBB0AE1001DDCFA /* LaunchScreen.storyboard */ = {
			isa = PBXVariantGroup;
			children = (
				93E237A61DBB0AE1001DDCFA /* Base */,
			);
			name = LaunchScreen.storyboard;
			sourceTree = "<group>";
		};
/* End PBXVariantGroup section */

/* Begin XCBuildConfiguration section */
		93E237A91DBB0AE1001DDCFA /* Debug */ = {
			isa = XCBuildConfiguration;
			buildSettings = {
				ALWAYS_SEARCH_USER_PATHS = NO;
				CLANG_ANALYZER_NONNULL = YES;
				CLANG_CXX_LANGUAGE_STANDARD = "gnu++0x";
				CLANG_CXX_LIBRARY = "libc++";
				CLANG_ENABLE_MODULES = YES;
				CLANG_ENABLE_OBJC_ARC = YES;
				CLANG_WARN_BOOL_CONVERSION = YES;
				CLANG_WARN_CONSTANT_CONVERSION = YES;
				CLANG_WARN_DIRECT_OBJC_ISA_USAGE = YES_ERROR;
				CLANG_WARN_DOCUMENTATION_COMMENTS = YES;
				CLANG_WARN_EMPTY_BODY = YES;
				CLANG_WARN_ENUM_CONVERSION = YES;
				CLANG_WARN_INFINITE_RECURSION = YES;
				CLANG_WARN_INT_CONVERSION = YES;
				CLANG_WARN_OBJC_ROOT_CLASS = YES_ERROR;
				CLANG_WARN_SUSPICIOUS_MOVES = YES;
				CLANG_WARN_UNREACHABLE_CODE = YES;
				CLANG_WARN__DUPLICATE_METHOD_MATCH = YES;
				"CODE_SIGN_IDENTITY[sdk=iphoneos*]" = "iPhone Developer";
				COPY_PHASE_STRIP = NO;
				DEBUG_INFORMATION_FORMAT = dwarf;
				ENABLE_STRICT_OBJC_MSGSEND = YES;
				ENABLE_TESTABILITY = YES;
				GCC_C_LANGUAGE_STANDARD = gnu99;
				GCC_DYNAMIC_NO_PIC = NO;
				GCC_NO_COMMON_BLOCKS = YES;
				GCC_OPTIMIZATION_LEVEL = 0;
				GCC_PREPROCESSOR_DEFINITIONS = (
					"DEBUG=1",
					"$(inherited)",
				);
				GCC_WARN_64_TO_32_BIT_CONVERSION = YES;
				GCC_WARN_ABOUT_RETURN_TYPE = YES_ERROR;
				GCC_WARN_UNDECLARED_SELECTOR = YES;
				GCC_WARN_UNINITIALIZED_AUTOS = YES_AGGRESSIVE;
				GCC_WARN_UNUSED_FUNCTION = YES;
				GCC_WARN_UNUSED_VARIABLE = YES;
				IPHONEOS_DEPLOYMENT_TARGET = 10.0;
				MTL_ENABLE_DEBUG_INFO = YES;
				ONLY_ACTIVE_ARCH = YES;
				SDKROOT = iphoneos;
				SWIFT_ACTIVE_COMPILATION_CONDITIONS = DEBUG;
				SWIFT_OPTIMIZATION_LEVEL = "-Onone";
			};
			name = Debug;
		};
		93E237AA1DBB0AE1001DDCFA /* Release */ = {
			isa = XCBuildConfiguration;
			buildSettings = {
				ALWAYS_SEARCH_USER_PATHS = NO;
				CLANG_ANALYZER_NONNULL = YES;
				CLANG_CXX_LANGUAGE_STANDARD = "gnu++0x";
				CLANG_CXX_LIBRARY = "libc++";
				CLANG_ENABLE_MODULES = YES;
				CLANG_ENABLE_OBJC_ARC = YES;
				CLANG_WARN_BOOL_CONVERSION = YES;
				CLANG_WARN_CONSTANT_CONVERSION = YES;
				CLANG_WARN_DIRECT_OBJC_ISA_USAGE = YES_ERROR;
				CLANG_WARN_DOCUMENTATION_COMMENTS = YES;
				CLANG_WARN_EMPTY_BODY = YES;
				CLANG_WARN_ENUM_CONVERSION = YES;
				CLANG_WARN_INFINITE_RECURSION = YES;
				CLANG_WARN_INT_CONVERSION = YES;
				CLANG_WARN_OBJC_ROOT_CLASS = YES_ERROR;
				CLANG_WARN_SUSPICIOUS_MOVES = YES;
				CLANG_WARN_UNREACHABLE_CODE = YES;
				CLANG_WARN__DUPLICATE_METHOD_MATCH = YES;
				"CODE_SIGN_IDENTITY[sdk=iphoneos*]" = "iPhone Developer";
				COPY_PHASE_STRIP = NO;
				DEBUG_INFORMATION_FORMAT = "dwarf-with-dsym";
				ENABLE_NS_ASSERTIONS = NO;
				ENABLE_STRICT_OBJC_MSGSEND = YES;
				GCC_C_LANGUAGE_STANDARD = gnu99;
				GCC_NO_COMMON_BLOCKS = YES;
				GCC_WARN_64_TO_32_BIT_CONVERSION = YES;
				GCC_WARN_ABOUT_RETURN_TYPE = YES_ERROR;
				GCC_WARN_UNDECLARED_SELECTOR = YES;
				GCC_WARN_UNINITIALIZED_AUTOS = YES_AGGRESSIVE;
				GCC_WARN_UNUSED_FUNCTION = YES;
				GCC_WARN_UNUSED_VARIABLE = YES;
				IPHONEOS_DEPLOYMENT_TARGET = 10.0;
				MTL_ENABLE_DEBUG_INFO = NO;
				SDKROOT = iphoneos;
				SWIFT_OPTIMIZATION_LEVEL = "-Owholemodule";
				VALIDATE_PRODUCT = YES;
			};
			name = Release;
		};
		93E237AC1DBB0AE1001DDCFA /* Debug */ = {
			isa = XCBuildConfiguration;
			buildSettings = {
				ASSETCATALOG_COMPILER_APPICON_NAME = AppIcon;
				INFOPLIST_FILE = CollectionViewDemo/Info.plist;
				LD_RUNPATH_SEARCH_PATHS = "$(inherited) @executable_path/Frameworks";
				PRODUCT_BUNDLE_IDENTIFIER = com.multicampus.CollectionViewDemo;
				PRODUCT_NAME = "$(TARGET_NAME)";
				SWIFT_VERSION = 3.0;
			};
			name = Debug;
		};
		93E237AD1DBB0AE1001DDCFA /* Release */ = {
			isa = XCBuildConfiguration;
			buildSettings = {
				ASSETCATALOG_COMPILER_APPICON_NAME = AppIcon;
				INFOPLIST_FILE = CollectionViewDemo/Info.plist;
				LD_RUNPATH_SEARCH_PATHS = "$(inherited) @executable_path/Frameworks";
				PRODUCT_BUNDLE_IDENTIFIER = com.multicampus.CollectionViewDemo;
				PRODUCT_NAME = "$(TARGET_NAME)";
				SWIFT_VERSION = 3.0;
			};
			name = Release;
		};
/* End XCBuildConfiguration section */

/* Begin XCConfigurationList section */
		93E237941DBB0AE1001DDCFA /* Build configuration list for PBXProject "CollectionViewDemo" */ = {
			isa = XCConfigurationList;
			buildConfigurations = (
				93E237A91DBB0AE1001DDCFA /* Debug */,
				93E237AA1DBB0AE1001DDCFA /* Release */,
			);
			defaultConfigurationIsVisible = 0;
			defaultConfigurationName = Release;
		};
		93E237AB1DBB0AE1001DDCFA /* Build configuration list for PBXNativeTarget "CollectionViewDemo" */ = {
			isa = XCConfigurationList;
			buildConfigurations = (
				93E237AC1DBB0AE1001DDCFA /* Debug */,
				93E237AD1DBB0AE1001DDCFA /* Release */,
			);
			defaultConfigurationIsVisible = 0;
		};
/* End XCConfigurationList section */
	};
	rootObject = 93E237911DBB0AE1001DDCFA /* Project object */;
}
